#MicroXplorer Configuration settings - do not modify
ADC1.Channel-1\#ChannelRegularConversion=ADC_CHANNEL_3
ADC1.ClockPrescaler=ADC_CLOCK_ASYNC_DIV2
ADC1.ConversionDataManagement=ADC_CONVERSIONDATA_DMA_CIRCULAR
ADC1.ExternalTrigConv=ADC_EXTERNALTRIG_T3_TRGO
ADC1.IPParameters=Rank-1\#ChannelRegularConversion,master,Channel-1\#ChannelRegularConversion,SamplingTime-1\#ChannelRegularConversion,OffsetNumber-1\#ChannelRegularConversion,OffsetSignedSaturation-1\#ChannelRegularConversion,NbrOfConversionFlag,ClockPrescaler,ExternalTrigConv,ConversionDataManagement
ADC1.NbrOfConversionFlag=1
ADC1.OffsetNumber-1\#ChannelRegularConversion=ADC_OFFSET_NONE
ADC1.OffsetSignedSaturation-1\#ChannelRegularConversion=DISABLE
ADC1.Rank-1\#ChannelRegularConversion=1
ADC1.SamplingTime-1\#ChannelRegularConversion=ADC_SAMPLETIME_387CYCLES_5
ADC1.master=1
ADC2.Channel-0\#ChannelRegularConversion=ADC_CHANNEL_5
ADC2.ClockPrescaler=ADC_CLOCK_ASYNC_DIV2
ADC2.ContinuousConvMode=DISABLE
ADC2.ConversionDataManagement=ADC_CONVERSIONDATA_DMA_CIRCULAR
ADC2.ExternalTrigConv=ADC_EXTERNALTRIG_T8_TRGO
ADC2.IPParameters=Rank-0\#ChannelRegularConversion,Channel-0\#ChannelRegularConversion,SamplingTime-0\#ChannelRegularConversion,OffsetNumber-0\#ChannelRegularConversion,OffsetSignedSaturation-0\#ChannelRegularConversion,NbrOfConversionFlag,ContinuousConvMode,ExternalTrigConv,ClockPrescaler,ConversionDataManagement
ADC2.NbrOfConversionFlag=1
ADC2.OffsetNumber-0\#ChannelRegularConversion=ADC_OFFSET_NONE
ADC2.OffsetSignedSaturation-0\#ChannelRegularConversion=DISABLE
ADC2.Rank-0\#ChannelRegularConversion=1
ADC2.SamplingTime-0\#ChannelRegularConversion=ADC_SAMPLETIME_64CYCLES_5
CAD.formats=[]
CAD.pinconfig=Dual
CAD.provider=
CORTEX_M7.IPParameters=default_mode_Activation
CORTEX_M7.default_mode_Activation=1
Dma.ADC1.2.Direction=DMA_PERIPH_TO_MEMORY
Dma.ADC1.2.EventEnable=DISABLE
Dma.ADC1.2.FIFOMode=DMA_FIFOMODE_DISABLE
Dma.ADC1.2.Instance=DMA1_Stream2
Dma.ADC1.2.MemDataAlignment=DMA_MDATAALIGN_HALFWORD
Dma.ADC1.2.MemInc=DMA_MINC_ENABLE
Dma.ADC1.2.Mode=DMA_CIRCULAR
Dma.ADC1.2.PeriphDataAlignment=DMA_PDATAALIGN_HALFWORD
Dma.ADC1.2.PeriphInc=DMA_PINC_DISABLE
Dma.ADC1.2.Polarity=HAL_DMAMUX_REQ_GEN_RISING
Dma.ADC1.2.Priority=DMA_PRIORITY_LOW
Dma.ADC1.2.RequestNumber=1
Dma.ADC1.2.RequestParameters=Instance,Direction,PeriphInc,MemInc,PeriphDataAlignment,MemDataAlignment,Mode,Priority,FIFOMode,SignalID,Polarity,RequestNumber,SyncSignalID,SyncPolarity,SyncEnable,EventEnable,SyncRequestNumber
Dma.ADC1.2.SignalID=NONE
Dma.ADC1.2.SyncEnable=DISABLE
Dma.ADC1.2.SyncPolarity=HAL_DMAMUX_SYNC_NO_EVENT
Dma.ADC1.2.SyncRequestNumber=1
Dma.ADC1.2.SyncSignalID=NONE
Dma.ADC2.1.Direction=DMA_PERIPH_TO_MEMORY
Dma.ADC2.1.EventEnable=DISABLE
Dma.ADC2.1.FIFOMode=DMA_FIFOMODE_DISABLE
Dma.ADC2.1.Instance=DMA1_Stream1
Dma.ADC2.1.MemDataAlignment=DMA_MDATAALIGN_HALFWORD
Dma.ADC2.1.MemInc=DMA_MINC_ENABLE
Dma.ADC2.1.Mode=DMA_CIRCULAR
Dma.ADC2.1.PeriphDataAlignment=DMA_PDATAALIGN_HALFWORD
Dma.ADC2.1.PeriphInc=DMA_PINC_DISABLE
Dma.ADC2.1.Polarity=HAL_DMAMUX_REQ_GEN_RISING
Dma.ADC2.1.Priority=DMA_PRIORITY_LOW
Dma.ADC2.1.RequestNumber=1
Dma.ADC2.1.RequestParameters=Instance,Direction,PeriphInc,MemInc,PeriphDataAlignment,MemDataAlignment,Mode,Priority,FIFOMode,SignalID,Polarity,RequestNumber,SyncSignalID,SyncPolarity,SyncEnable,EventEnable,SyncRequestNumber
Dma.ADC2.1.SignalID=NONE
Dma.ADC2.1.SyncEnable=DISABLE
Dma.ADC2.1.SyncPolarity=HAL_DMAMUX_SYNC_NO_EVENT
Dma.ADC2.1.SyncRequestNumber=1
Dma.ADC2.1.SyncSignalID=NONE
Dma.Request0=SPI2_TX
Dma.Request1=ADC2
Dma.Request2=ADC1
Dma.RequestsNb=3
Dma.SPI2_TX.0.Direction=DMA_MEMORY_TO_PERIPH
Dma.SPI2_TX.0.EventEnable=DISABLE
Dma.SPI2_TX.0.FIFOMode=DMA_FIFOMODE_DISABLE
Dma.SPI2_TX.0.Instance=DMA1_Stream0
Dma.SPI2_TX.0.MemDataAlignment=DMA_MDATAALIGN_HALFWORD
Dma.SPI2_TX.0.MemInc=DMA_MINC_ENABLE
Dma.SPI2_TX.0.Mode=DMA_CIRCULAR
Dma.SPI2_TX.0.PeriphDataAlignment=DMA_PDATAALIGN_HALFWORD
Dma.SPI2_TX.0.PeriphInc=DMA_PINC_DISABLE
Dma.SPI2_TX.0.Polarity=HAL_DMAMUX_REQ_GEN_RISING
Dma.SPI2_TX.0.Priority=DMA_PRIORITY_VERY_HIGH
Dma.SPI2_TX.0.RequestNumber=1
Dma.SPI2_TX.0.RequestParameters=Instance,Direction,PeriphInc,MemInc,PeriphDataAlignment,MemDataAlignment,Mode,Priority,FIFOMode,SignalID,Polarity,RequestNumber,SyncSignalID,SyncPolarity,SyncEnable,EventEnable,SyncRequestNumber
Dma.SPI2_TX.0.SignalID=NONE
Dma.SPI2_TX.0.SyncEnable=DISABLE
Dma.SPI2_TX.0.SyncPolarity=HAL_DMAMUX_SYNC_NO_EVENT
Dma.SPI2_TX.0.SyncRequestNumber=1
Dma.SPI2_TX.0.SyncSignalID=NONE
File.Version=6
GPIO.groupedBy=Group By Peripherals
I2S2.AudioFreq=I2S_AUDIOFREQ_22K
I2S2.DataFormat=I2S_DATAFORMAT_16B_EXTENDED
I2S2.ErrorAudioFreq=0.61 %
I2S2.IPParameters=Instance,RealAudioFreq,ErrorAudioFreq,AudioFreq,DataFormat
I2S2.Instance=SPI$Index
I2S2.RealAudioFreq=22.135 KHz
I2S6.AudioFreq=I2S_AUDIOFREQ_44K
I2S6.ErrorAudioFreq=-0.42 %
I2S6.IPParameters=Instance,RealAudioFreq,ErrorAudioFreq,AudioFreq
I2S6.Instance=SPI$Index
I2S6.RealAudioFreq=43.814 KHz
KeepUserPlacement=false
MMTAppReg1.MEMORYMAP.AppRegionName=DTCMRAM
MMTAppReg1.MEMORYMAP.Cacheability=WBRAWA
MMTAppReg1.MEMORYMAP.ContextName=Cortex-M7NS
MMTAppReg1.MEMORYMAP.CoreName=Arm Cortex-M7
MMTAppReg1.MEMORYMAP.IPParameters=StartAddress,Size,CoreName,ContextName,Name,Cacheability
MMTAppReg1.MEMORYMAP.Name=DTCMRAM
MMTAppReg1.MEMORYMAP.Size=131072
MMTAppReg1.MEMORYMAP.StartAddress=0x20000000
MMTAppReg2.MEMORYMAP.AppRegionName=RAM
MMTAppReg2.MEMORYMAP.Cacheability=WBRAWA
MMTAppReg2.MEMORYMAP.ContextName=Cortex-M7NS
MMTAppReg2.MEMORYMAP.CoreName=Arm Cortex-M7
MMTAppReg2.MEMORYMAP.DefaultDataRegion=true
MMTAppReg2.MEMORYMAP.IPParameters=StartAddress,Size,CoreName,ContextName,Name,Cacheability,DefaultDataRegion
MMTAppReg2.MEMORYMAP.Name=RAM
MMTAppReg2.MEMORYMAP.Size=131072
MMTAppReg2.MEMORYMAP.StartAddress=0x24000000
MMTAppReg3.MEMORYMAP.AppRegionName=RAM_D2
MMTAppReg3.MEMORYMAP.Cacheability=WBRAWA
MMTAppReg3.MEMORYMAP.ContextName=Cortex-M7NS
MMTAppReg3.MEMORYMAP.CoreName=Arm Cortex-M7
MMTAppReg3.MEMORYMAP.IPParameters=StartAddress,Size,CoreName,ContextName,Name,Cacheability
MMTAppReg3.MEMORYMAP.Name=RAM_D2
MMTAppReg3.MEMORYMAP.Size=32768
MMTAppReg3.MEMORYMAP.StartAddress=0x30000000
MMTAppReg4.MEMORYMAP.AppRegionName=RAM_D3
MMTAppReg4.MEMORYMAP.Cacheability=WBRAWA
MMTAppReg4.MEMORYMAP.ContextName=Cortex-M7NS
MMTAppReg4.MEMORYMAP.CoreName=Arm Cortex-M7
MMTAppReg4.MEMORYMAP.IPParameters=StartAddress,Size,CoreName,ContextName,Name,Cacheability
MMTAppReg4.MEMORYMAP.Name=RAM_D3
MMTAppReg4.MEMORYMAP.Size=16384
MMTAppReg4.MEMORYMAP.StartAddress=0x38000000
MMTAppReg5.MEMORYMAP.AppRegionName=ITCMRAM
MMTAppReg5.MEMORYMAP.Cacheability=WTRA
MMTAppReg5.MEMORYMAP.ContextName=Cortex-M7NS
MMTAppReg5.MEMORYMAP.CoreName=Arm Cortex-M7
MMTAppReg5.MEMORYMAP.IPParameters=StartAddress,Size,CoreName,ContextName,Name,Cacheability
MMTAppReg5.MEMORYMAP.Name=ITCMRAM
MMTAppReg5.MEMORYMAP.Size=65536
MMTAppReg5.MEMORYMAP.StartAddress=0x00000000
MMTAppReg6.MEMORYMAP.AP=RO_priv_only
MMTAppReg6.MEMORYMAP.AppRegionName=FLASH
MMTAppReg6.MEMORYMAP.Cacheability=WTRA
MMTAppReg6.MEMORYMAP.ContextName=Cortex-M7NS
MMTAppReg6.MEMORYMAP.CoreName=Arm Cortex-M7
MMTAppReg6.MEMORYMAP.DefaultCodeRegion=true
MMTAppReg6.MEMORYMAP.IPParameters=StartAddress,Size,CoreName,MemType,ContextName,Name,AP,Cacheability,DefaultCodeRegion,ISRRegion,RootBootRegion
MMTAppReg6.MEMORYMAP.ISRRegion=true
MMTAppReg6.MEMORYMAP.MemType=ROM
MMTAppReg6.MEMORYMAP.Name=FLASH
MMTAppReg6.MEMORYMAP.RootBootRegion=true
MMTAppReg6.MEMORYMAP.Size=1048576
MMTAppReg6.MEMORYMAP.StartAddress=0x08000000
MMTAppRegionsCount=6
MMTConfigApplied=false
Mcu.CPN=STM32H723ZGT6
Mcu.Family=STM32H7
Mcu.IP0=ADC1
Mcu.IP1=ADC2
Mcu.IP10=TIM3
Mcu.IP11=TIM8
Mcu.IP2=CORTEX_M7
Mcu.IP3=DMA
Mcu.IP4=I2S2
Mcu.IP5=I2S6
Mcu.IP6=MEMORYMAP
Mcu.IP7=NVIC
Mcu.IP8=RCC
Mcu.IP9=SYS
Mcu.IPNb=12
Mcu.Name=STM32H723ZGTx
Mcu.Package=LQFP144
Mcu.Pin0=PC0
Mcu.Pin1=PA0
Mcu.Pin10=PD6
Mcu.Pin11=PD7
Mcu.Pin12=PG14
Mcu.Pin13=PB9
Mcu.Pin14=PE1
Mcu.Pin15=VP_SYS_VS_Systick
Mcu.Pin16=VP_TIM3_VS_ClockSourceINT
Mcu.Pin17=VP_TIM8_VS_ClockSourceINT
Mcu.Pin18=VP_MEMORYMAP_VS_MEMORYMAP
Mcu.Pin2=PA6
Mcu.Pin3=PB1
Mcu.Pin4=PB10
Mcu.Pin5=PB15
Mcu.Pin6=PC6
Mcu.Pin7=PC9
Mcu.Pin8=PC12
Mcu.Pin9=PD5
Mcu.PinsNb=19
Mcu.ThirdPartyNb=0
Mcu.UserConstants=
Mcu.UserName=STM32H723ZGTx
MxCube.Version=6.13.0
MxDb.Version=DB.6.0.130
NVIC.ADC_IRQn=true\:0\:0\:false\:false\:true\:true\:true\:true
NVIC.BusFault_IRQn=true\:0\:0\:false\:false\:true\:false\:false\:false
NVIC.DMA1_Stream0_IRQn=true\:0\:0\:false\:false\:true\:false\:true\:true
NVIC.DMA1_Stream1_IRQn=true\:0\:0\:false\:false\:true\:false\:true\:true
NVIC.DMA1_Stream2_IRQn=true\:0\:0\:false\:false\:true\:false\:true\:true
NVIC.DebugMonitor_IRQn=true\:0\:0\:false\:false\:true\:false\:false\:false
NVIC.ForceEnableDMAVector=true
NVIC.HardFault_IRQn=true\:0\:0\:false\:false\:true\:false\:false\:false
NVIC.MemoryManagement_IRQn=true\:0\:0\:false\:false\:true\:false\:false\:false
NVIC.NonMaskableInt_IRQn=true\:0\:0\:false\:false\:true\:false\:false\:false
NVIC.PendSV_IRQn=true\:0\:0\:false\:false\:true\:false\:false\:false
NVIC.PriorityGroup=NVIC_PRIORITYGROUP_4
NVIC.SVCall_IRQn=true\:0\:0\:false\:false\:true\:false\:false\:false
NVIC.SysTick_IRQn=true\:15\:0\:false\:false\:true\:false\:true\:false
NVIC.TIM3_IRQn=true\:0\:0\:false\:false\:true\:true\:true\:true
NVIC.UsageFault_IRQn=true\:0\:0\:false\:false\:true\:false\:false\:false
PA0.Mode=Half_Duplex_Master_Tx
PA0.Signal=I2S6_WS
PA6.Signal=ADCx_INP3
PB1.Signal=ADCx_INP5
PB10.Mode=Half_Duplex_Master_Tx
PB10.Signal=I2S2_CK
PB15.Locked=true
PB15.Mode=Half_Duplex_Master_Tx
PB15.Signal=I2S2_SDO
PB9.Locked=true
PB9.Mode=Half_Duplex_Master_Tx
PB9.Signal=I2S2_WS
PC0.Locked=true
PC0.Signal=ADCx_INP10
PC12.Mode=Half_Duplex_Master_Tx
PC12.Signal=I2S6_CK
PC6.Mode=Master_Clock_Activated
PC6.Signal=I2S2_MCK
PC9.Mode=Clock-out-2
PC9.Signal=RCC_MCO_2
PD5.Locked=true
PD5.Signal=GPIO_Output
PD6.Locked=true
PD6.Signal=GPIO_Output
PD7.Locked=true
PD7.Signal=GPIO_Output
PE1.Locked=true
PE1.Signal=GPIO_Output
PG14.Mode=Half_Duplex_Master_Tx
PG14.Signal=I2S6_SDO
PinOutPanel.RotationAngle=0
ProjectManager.AskForMigrate=true
ProjectManager.BackupPrevious=false
ProjectManager.CompilerOptimize=6
ProjectManager.ComputerToolchain=false
ProjectManager.CoupleFile=false
ProjectManager.CustomerFirmwarePackage=
ProjectManager.DefaultFWLocation=true
ProjectManager.DeletePrevious=true
ProjectManager.DeviceId=STM32H723ZGTx
ProjectManager.FirmwarePackage=STM32Cube FW_H7 V1.12.1
ProjectManager.FreePins=false
ProjectManager.HalAssertFull=false
ProjectManager.HeapSize=0x200
ProjectManager.KeepUserCode=true
ProjectManager.LastFirmware=true
ProjectManager.LibraryCopy=0
ProjectManager.MainLocation=Core/Src
ProjectManager.NoMain=false
ProjectManager.PreviousToolchain=
ProjectManager.ProjectBuild=false
ProjectManager.ProjectFileName=mom-jeans-h7.ioc
ProjectManager.ProjectName=mom-jeans-h7
ProjectManager.ProjectStructure=
ProjectManager.RegisterCallBack=
ProjectManager.StackSize=0x400
ProjectManager.TargetToolchain=CMake
ProjectManager.ToolChainLocation=
ProjectManager.UAScriptAfterPath=
ProjectManager.UAScriptBeforePath=
ProjectManager.UnderRoot=false
ProjectManager.functionlistsort=1-SystemClock_Config-RCC-false-HAL-false,2-MX_GPIO_Init-GPIO-false-HAL-true,3-MX_DMA_Init-DMA-false-HAL-true,4-MX_I2S2_Init-I2S2-false-HAL-true,5-MX_ADC1_Init-ADC1-false-HAL-true,6-MX_ADC2_Init-ADC2-false-HAL-true,7-MX_TIM8_Init-TIM8-false-HAL-true,8-MX_TIM3_Init-TIM3-false-HAL-true,9-MX_I2S1_Init-I2S1-false-HAL-true,0-MX_CORTEX_M7_Init-CORTEX_M7-false-HAL-true
RCC.ADCFreq_Value=96000000
RCC.AHB12Freq_Value=272000000
RCC.AHB4Freq_Value=272000000
RCC.APB1Freq_Value=136000000
RCC.APB2Freq_Value=136000000
RCC.APB3Freq_Value=136000000
RCC.APB4Freq_Value=136000000
RCC.AXIClockFreq_Value=272000000
RCC.CECFreq_Value=32000
RCC.CKPERFreq_Value=64000000
RCC.CortexFreq_Value=544000000
RCC.CpuClockFreq_Value=544000000
RCC.D1CPREFreq_Value=544000000
RCC.D1PPRE=RCC_APB3_DIV2
RCC.D2PPRE1=RCC_APB1_DIV2
RCC.D2PPRE2=RCC_APB2_DIV2
RCC.D3PPRE=RCC_APB4_DIV2
RCC.DFSDMACLkFreq_Value=136000000
RCC.DFSDMFreq_Value=136000000
RCC.DIVM1=4
RCC.DIVM2=4
RCC.DIVM3=8
RCC.DIVN1=34
RCC.DIVN2=12
RCC.DIVN3=34
RCC.DIVP1=1
RCC.DIVP1Freq_Value=544000000
RCC.DIVP2Freq_Value=96000000
RCC.DIVP3=4
RCC.DIVP3Freq_Value=68000000
RCC.DIVQ1=4
RCC.DIVQ1Freq_Value=136000000
RCC.DIVQ2Freq_Value=96000000
RCC.DIVQ3Freq_Value=136000000
RCC.DIVR1Freq_Value=272000000
RCC.DIVR2Freq_Value=96000000
RCC.DIVR3Freq_Value=136000000
RCC.FDCANFreq_Value=136000000
RCC.FMCFreq_Value=272000000
RCC.FamilyName=M
RCC.HCLK3ClockFreq_Value=272000000
RCC.HCLKFreq_Value=272000000
RCC.HPRE=RCC_HCLK_DIV2
RCC.I2C123Freq_Value=136000000
RCC.I2C4Freq_Value=136000000
RCC.IPParameters=ADCFreq_Value,AHB12Freq_Value,AHB4Freq_Value,APB1Freq_Value,APB2Freq_Value,APB3Freq_Value,APB4Freq_Value,AXIClockFreq_Value,CECFreq_Value,CKPERFreq_Value,CortexFreq_Value,CpuClockFreq_Value,D1CPREFreq_Value,D1PPRE,D2PPRE1,D2PPRE2,D3PPRE,DFSDMACLkFreq_Value,DFSDMFreq_Value,DIVM1,DIVM2,DIVM3,DIVN1,DIVN2,DIVN3,DIVP1,DIVP1Freq_Value,DIVP2Freq_Value,DIVP3,DIVP3Freq_Value,DIVQ1,DIVQ1Freq_Value,DIVQ2Freq_Value,DIVQ3Freq_Value,DIVR1Freq_Value,DIVR2Freq_Value,DIVR3Freq_Value,FDCANFreq_Value,FMCFreq_Value,FamilyName,HCLK3ClockFreq_Value,HCLKFreq_Value,HPRE,I2C123Freq_Value,I2C4Freq_Value,LPTIM1Freq_Value,LPTIM2Freq_Value,LPTIM345Freq_Value,LPUART1Freq_Value,LTDCFreq_Value,MCO1PinFreq_Value,MCO2PinFreq_Value,PLL1_VCI_Range,PLL2FRACN,PLL3FRACN,PLLFRACN,PWREXT_OverDrive,QSPIFreq_Value,RNGFreq_Value,RTCFreq_Value,SAI1Freq_Value,SAI4AFreq_Value,SAI4BFreq_Value,SDMMCFreq_Value,SPDIFRXFreq_Value,SPI123CLockSelection,SPI123Freq_Value,SPI45Freq_Value,SPI6Freq_Value,SWPMI1Freq_Value,SYSCLKFreq_VALUE,SYSCLKSource,Tim1OutputFreq_Value,Tim2OutputFreq_Value,TraceFreq_Value,USART16Freq_Value,USART234578Freq_Value,USBFreq_Value,VCO1OutputFreq_Value,VCO2OutputFreq_Value,VCO3OutputFreq_Value,VCOInput1Freq_Value,VCOInput2Freq_Value,VCOInput3Freq_Value
RCC.LPTIM1Freq_Value=136000000
RCC.LPTIM2Freq_Value=136000000
RCC.LPTIM345Freq_Value=136000000
RCC.LPUART1Freq_Value=136000000
RCC.LTDCFreq_Value=136000000
RCC.MCO1PinFreq_Value=64000000
RCC.MCO2PinFreq_Value=544000000
RCC.PLL1_VCI_Range=RCC_PLL1VCIRANGE_3
RCC.PLL2FRACN=0
RCC.PLL3FRACN=0
RCC.PLLFRACN=0
RCC.PWREXT_OverDrive=PWREXT_OverDrive_ACTIVATED
RCC.QSPIFreq_Value=272000000
RCC.RNGFreq_Value=48000000
RCC.RTCFreq_Value=32000
RCC.SAI1Freq_Value=136000000
RCC.SAI4AFreq_Value=136000000
RCC.SAI4BFreq_Value=136000000
RCC.SDMMCFreq_Value=136000000
RCC.SPDIFRXFreq_Value=136000000
RCC.SPI123CLockSelection=RCC_SPI123CLKSOURCE_PLL3
RCC.SPI123Freq_Value=68000000
RCC.SPI45Freq_Value=136000000
RCC.SPI6Freq_Value=136000000
RCC.SWPMI1Freq_Value=136000000
RCC.SYSCLKFreq_VALUE=544000000
RCC.SYSCLKSource=RCC_SYSCLKSOURCE_PLLCLK
RCC.Tim1OutputFreq_Value=272000000
RCC.Tim2OutputFreq_Value=272000000
RCC.TraceFreq_Value=64000000
RCC.USART16Freq_Value=136000000
RCC.USART234578Freq_Value=136000000
RCC.USBFreq_Value=136000000
RCC.VCO1OutputFreq_Value=544000000
RCC.VCO2OutputFreq_Value=192000000
RCC.VCO3OutputFreq_Value=272000000
RCC.VCOInput1Freq_Value=16000000
RCC.VCOInput2Freq_Value=16000000
RCC.VCOInput3Freq_Value=8000000
SH.ADCx_INP10.0=ADC2_INP10,IN10-Single-Ended
SH.ADCx_INP10.ConfNb=1
SH.ADCx_INP3.0=ADC1_INP3,IN3-Single-Ended
SH.ADCx_INP3.ConfNb=1
SH.ADCx_INP5.0=ADC2_INP5,IN5-Single-Ended
SH.ADCx_INP5.ConfNb=1
TIM3.IPParameters=TIM_MasterOutputTrigger,Prescaler,Period
TIM3.Period=100-1
TIM3.Prescaler=19200-1
TIM3.TIM_MasterOutputTrigger=TIM_TRGO_UPDATE
TIM8.IPParameters=Prescaler,Period,TIM_MasterOutputTrigger,RepetitionCounter
TIM8.Period=256-1
TIM8.Prescaler=24-1
TIM8.RepetitionCounter=1
TIM8.TIM_MasterOutputTrigger=TIM_TRGO_UPDATE
VP_MEMORYMAP_VS_MEMORYMAP.Mode=CurAppReg
VP_MEMORYMAP_VS_MEMORYMAP.Signal=MEMORYMAP_VS_MEMORYMAP
VP_SYS_VS_Systick.Mode=SysTick
VP_SYS_VS_Systick.Signal=SYS_VS_Systick
VP_TIM3_VS_ClockSourceINT.Mode=Internal
VP_TIM3_VS_ClockSourceINT.Signal=TIM3_VS_ClockSourceINT
VP_TIM8_VS_ClockSourceINT.Mode=Internal
VP_TIM8_VS_ClockSourceINT.Signal=TIM8_VS_ClockSourceINT
board=custom
